
Microsoft Visual Studio Solution File, Format Version 12.00
# Visual Studio Version 17
VisualStudioVersion = 17.6.33815.320
MinimumVisualStudioVersion = 10.0.40219.1
Project("{8BC9CEB8-8B4A-11D0-8D11-00A0C91BC942}") = "test_9_11", "test_9_11.vcxproj", "{2274CC85-92CA-44C3-AF43-D7F5B538DE66}"
EndProject
Global
	GlobalSection(SolutionConfigurationPlatforms) = preSolution
		Debug|x64 = Debug|x64
		Debug|x86 = Debug|x86
		Release|x64 = Release|x64
		Release|x86 = Release|x86
	EndGlobalSection
	GlobalSection(ProjectConfigurationPlatforms) = postSolution
		{2274CC85-92CA-44C3-AF43-D7F5B538DE66}.Debug|x64.ActiveCfg = Debug|x64
		{2274CC85-92CA-44C3-AF43-D7F5B538DE66}.Debug|x64.Build.0 = Debug|x64
		{2274CC85-92CA-44C3-AF43-D7F5B538DE66}.Debug|x86.ActiveCfg = Debug|Win32
		{2274CC85-92CA-44C3-AF43-D7F5B538DE66}.Debug|x86.Build.0 = Debug|Win32
		{2274CC85-92CA-44C3-AF43-D7F5B538DE66}.Release|x64.ActiveCfg = Release|x64
		{2274CC85-92CA-44C3-AF43-D7F5B538DE66}.Release|x64.Build.0 = Release|x64
		{2274CC85-92CA-44C3-AF43-D7F5B538DE66}.Release|x86.ActiveCfg = Release|Win32
		{2274CC85-92CA-44C3-AF43-D7F5B538DE66}.Release|x86.Build.0 = Release|Win32
	EndGlobalSection
	GlobalSection(SolutionProperties) = preSolution
		HideSolutionNode = FALSE
	EndGlobalSection
	GlobalSection(ExtensibilityGlobals) = postSolution
		SolutionGuid = {9A431EF0-D1A2-4E55-B46A-4201D303DD77}
	EndGlobalSection
EndGlobal
