
Microsoft Visual Studio Solution File, Format Version 12.00
# Visual Studio Version 17
VisualStudioVersion = 17.6.33815.320
MinimumVisualStudioVersion = 10.0.40219.1
Project("{8BC9CEB8-8B4A-11D0-8D11-00A0C91BC942}") = "test_1_14", "test_1_14.vcxproj", "{105A3E73-606A-4EC3-8815-6F6379A96A0C}"
EndProject
Global
	GlobalSection(SolutionConfigurationPlatforms) = preSolution
		Debug|x64 = Debug|x64
		Debug|x86 = Debug|x86
		Release|x64 = Release|x64
		Release|x86 = Release|x86
	EndGlobalSection
	GlobalSection(ProjectConfigurationPlatforms) = postSolution
		{105A3E73-606A-4EC3-8815-6F6379A96A0C}.Debug|x64.ActiveCfg = Debug|x64
		{105A3E73-606A-4EC3-8815-6F6379A96A0C}.Debug|x64.Build.0 = Debug|x64
		{105A3E73-606A-4EC3-8815-6F6379A96A0C}.Debug|x86.ActiveCfg = Debug|Win32
		{105A3E73-606A-4EC3-8815-6F6379A96A0C}.Debug|x86.Build.0 = Debug|Win32
		{105A3E73-606A-4EC3-8815-6F6379A96A0C}.Release|x64.ActiveCfg = Release|x64
		{105A3E73-606A-4EC3-8815-6F6379A96A0C}.Release|x64.Build.0 = Release|x64
		{105A3E73-606A-4EC3-8815-6F6379A96A0C}.Release|x86.ActiveCfg = Release|Win32
		{105A3E73-606A-4EC3-8815-6F6379A96A0C}.Release|x86.Build.0 = Release|Win32
	EndGlobalSection
	GlobalSection(SolutionProperties) = preSolution
		HideSolutionNode = FALSE
	EndGlobalSection
	GlobalSection(ExtensibilityGlobals) = postSolution
		SolutionGuid = {4CB87A83-F274-41DE-9725-1625F3E437F6}
	EndGlobalSection
EndGlobal
