
Microsoft Visual Studio Solution File, Format Version 12.00
# Visual Studio Version 17
VisualStudioVersion = 17.6.33815.320
MinimumVisualStudioVersion = 10.0.40219.1
Project("{8BC9CEB8-8B4A-11D0-8D11-00A0C91BC942}") = "test_1_17", "test_1_17.vcxproj", "{7E25CE90-3D82-4F17-924A-C8F9FDE0D5A1}"
EndProject
Global
	GlobalSection(SolutionConfigurationPlatforms) = preSolution
		Debug|x64 = Debug|x64
		Debug|x86 = Debug|x86
		Release|x64 = Release|x64
		Release|x86 = Release|x86
	EndGlobalSection
	GlobalSection(ProjectConfigurationPlatforms) = postSolution
		{7E25CE90-3D82-4F17-924A-C8F9FDE0D5A1}.Debug|x64.ActiveCfg = Debug|x64
		{7E25CE90-3D82-4F17-924A-C8F9FDE0D5A1}.Debug|x64.Build.0 = Debug|x64
		{7E25CE90-3D82-4F17-924A-C8F9FDE0D5A1}.Debug|x86.ActiveCfg = Debug|Win32
		{7E25CE90-3D82-4F17-924A-C8F9FDE0D5A1}.Debug|x86.Build.0 = Debug|Win32
		{7E25CE90-3D82-4F17-924A-C8F9FDE0D5A1}.Release|x64.ActiveCfg = Release|x64
		{7E25CE90-3D82-4F17-924A-C8F9FDE0D5A1}.Release|x64.Build.0 = Release|x64
		{7E25CE90-3D82-4F17-924A-C8F9FDE0D5A1}.Release|x86.ActiveCfg = Release|Win32
		{7E25CE90-3D82-4F17-924A-C8F9FDE0D5A1}.Release|x86.Build.0 = Release|Win32
	EndGlobalSection
	GlobalSection(SolutionProperties) = preSolution
		HideSolutionNode = FALSE
	EndGlobalSection
	GlobalSection(ExtensibilityGlobals) = postSolution
		SolutionGuid = {61B2AA6F-E703-405D-822E-624D4B034175}
	EndGlobalSection
EndGlobal
